// !$*UTF8*$!
{
	archiveVersion = 1;
	classes = {
	};
	objectVersion = 46;
	objects = {

/* Begin PBXBuildFile section */
		316925C218EDF6AE005F235B /* Foundation.framework in Frameworks */ = {isa = PBXBuildFile; fileRef = 316925C118EDF6AE005F235B /* Foundation.framework */; };
		316925C418EDF6AE005F235B /* CoreGraphics.framework in Frameworks */ = {isa = PBXBuildFile; fileRef = 316925C318EDF6AE005F235B /* CoreGraphics.framework */; };
		316925C618EDF6AE005F235B /* UIKit.framework in Frameworks */ = {isa = PBXBuildFile; fileRef = 316925C518EDF6AE005F235B /* UIKit.framework */; };
		316925CC18EDF6AE005F235B /* InfoPlist.strings in Resources */ = {isa = PBXBuildFile; fileRef = 316925CA18EDF6AE005F235B /* InfoPlist.strings */; };
		316925CE18EDF6AE005F235B /* main.m in Sources */ = {isa = PBXBuildFile; fileRef = 316925CD18EDF6AE005F235B /* main.m */; };
		316925D218EDF6AE005F235B /* AppDelegate.m in Sources */ = {isa = PBXBuildFile; fileRef = 316925D118EDF6AE005F235B /* AppDelegate.m */; };
		316925D818EDF6AE005F235B /* Application.storyboard in Resources */ = {isa = PBXBuildFile; fileRef = 316925D618EDF6AE005F235B /* Application.storyboard */; };
		316925DB18EDF6AE005F235B /* ViewController.m in Sources */ = {isa = PBXBuildFile; fileRef = 316925DA18EDF6AE005F235B /* ViewController.m */; };
		316925DD18EDF6AE005F235B /* Images.xcassets in Resources */ = {isa = PBXBuildFile; fileRef = 316925DC18EDF6AE005F235B /* Images.xcassets */; };
		316925E418EDF6AE005F235B /* XCTest.framework in Frameworks */ = {isa = PBXBuildFile; fileRef = 316925E318EDF6AE005F235B /* XCTest.framework */; };
		316925E518EDF6AE005F235B /* Foundation.framework in Frameworks */ = {isa = PBXBuildFile; fileRef = 316925C118EDF6AE005F235B /* Foundation.framework */; };
		316925E618EDF6AE005F235B /* UIKit.framework in Frameworks */ = {isa = PBXBuildFile; fileRef = 316925C518EDF6AE005F235B /* UIKit.framework */; };
		316925EE18EDF6AE005F235B /* InfoPlist.strings in Resources */ = {isa = PBXBuildFile; fileRef = 316925EC18EDF6AE005F235B /* InfoPlist.strings */; };
		316925F018EDF6AE005F235B /* RBCollectionViewInfoFolderLayoutTests.m in Sources */ = {isa = PBXBuildFile; fileRef = 316925EF18EDF6AE005F235B /* RBCollectionViewInfoFolderLayoutTests.m */; };
		316925FD18EDF8A5005F235B /* RBCollectionViewInfoFolderLayout.m in Sources */ = {isa = PBXBuildFile; fileRef = 316925FC18EDF8A5005F235B /* RBCollectionViewInfoFolderLayout.m */; };
/* End PBXBuildFile section */

/* Begin PBXContainerItemProxy section */
		316925E718EDF6AE005F235B /* PBXContainerItemProxy */ = {
			isa = PBXContainerItemProxy;
			containerPortal = 316925B618EDF6AE005F235B /* Project object */;
			proxyType = 1;
			remoteGlobalIDString = 316925BD18EDF6AE005F235B;
			remoteInfo = RBCollectionViewInfoFolderLayout;
		};
/* End PBXContainerItemProxy section */

/* Begin PBXFileReference section */
		316925BE18EDF6AE005F235B /* RBCollectionViewInfoFolderLayout.app */ = {isa = PBXFileReference; explicitFileType = wrapper.application; includeInIndex = 0; path = RBCollectionViewInfoFolderLayout.app; sourceTree = BUILT_PRODUCTS_DIR; };
		316925C118EDF6AE005F235B /* Foundation.framework */ = {isa = PBXFileReference; lastKnownFileType = wrapper.framework; name = Foundation.framework; path = System/Library/Frameworks/Foundation.framework; sourceTree = SDKROOT; };
		316925C318EDF6AE005F235B /* CoreGraphics.framework */ = {isa = PBXFileReference; lastKnownFileType = wrapper.framework; name = CoreGraphics.framework; path = System/Library/Frameworks/CoreGraphics.framework; sourceTree = SDKROOT; };
		316925C518EDF6AE005F235B /* UIKit.framework */ = {isa = PBXFileReference; lastKnownFileType = wrapper.framework; name = UIKit.framework; path = System/Library/Frameworks/UIKit.framework; sourceTree = SDKROOT; };
		316925C918EDF6AE005F235B /* RBCollectionViewInfoFolderLayout-Info.plist */ = {isa = PBXFileReference; lastKnownFileType = text.plist.xml; path = "RBCollectionViewInfoFolderLayout-Info.plist"; sourceTree = "<group>"; };
		316925CB18EDF6AE005F235B /* en */ = {isa = PBXFileReference; lastKnownFileType = text.plist.strings; name = en; path = en.lproj/InfoPlist.strings; sourceTree = "<group>"; };
		316925CD18EDF6AE005F235B /* main.m */ = {isa = PBXFileReference; lastKnownFileType = sourcecode.c.objc; path = main.m; sourceTree = "<group>"; };
		316925CF18EDF6AE005F235B /* RBCollectionViewInfoFolderLayout-Prefix.pch */ = {isa = PBXFileReference; lastKnownFileType = sourcecode.c.h; path = "RBCollectionViewInfoFolderLayout-Prefix.pch"; sourceTree = "<group>"; };
		316925D018EDF6AE005F235B /* AppDelegate.h */ = {isa = PBXFileReference; lastKnownFileType = sourcecode.c.h; path = AppDelegate.h; sourceTree = "<group>"; };
		316925D118EDF6AE005F235B /* AppDelegate.m */ = {isa = PBXFileReference; lastKnownFileType = sourcecode.c.objc; path = AppDelegate.m; sourceTree = "<group>"; };
		316925D718EDF6AE005F235B /* Base */ = {isa = PBXFileReference; lastKnownFileType = file.storyboard; name = Base; path = Base.lproj/Application.storyboard; sourceTree = "<group>"; };
		316925D918EDF6AE005F235B /* ViewController.h */ = {isa = PBXFileReference; lastKnownFileType = sourcecode.c.h; path = ViewController.h; sourceTree = "<group>"; };
		316925DA18EDF6AE005F235B /* ViewController.m */ = {isa = PBXFileReference; lastKnownFileType = sourcecode.c.objc; path = ViewController.m; sourceTree = "<group>"; };
		316925DC18EDF6AE005F235B /* Images.xcassets */ = {isa = PBXFileReference; lastKnownFileType = folder.assetcatalog; path = Images.xcassets; sourceTree = "<group>"; };
		316925E218EDF6AE005F235B /* RBCollectionViewInfoFolderLayoutTests.xctest */ = {isa = PBXFileReference; explicitFileType = wrapper.cfbundle; includeInIndex = 0; path = RBCollectionViewInfoFolderLayoutTests.xctest; sourceTree = BUILT_PRODUCTS_DIR; };
		316925E318EDF6AE005F235B /* XCTest.framework */ = {isa = PBXFileReference; lastKnownFileType = wrapper.framework; name = XCTest.framework; path = Library/Frameworks/XCTest.framework; sourceTree = DEVELOPER_DIR; };
		316925EB18EDF6AE005F235B /* RBCollectionViewInfoFolderLayoutTests-Info.plist */ = {isa = PBXFileReference; lastKnownFileType = text.plist.xml; path = "RBCollectionViewInfoFolderLayoutTests-Info.plist"; sourceTree = "<group>"; };
		316925ED18EDF6AE005F235B /* en */ = {isa = PBXFileReference; lastKnownFileType = text.plist.strings; name = en; path = en.lproj/InfoPlist.strings; sourceTree = "<group>"; };
		316925EF18EDF6AE005F235B /* RBCollectionViewInfoFolderLayoutTests.m */ = {isa = PBXFileReference; lastKnownFileType = sourcecode.c.objc; path = RBCollectionViewInfoFolderLayoutTests.m; sourceTree = "<group>"; };
		316925FB18EDF8A5005F235B /* RBCollectionViewInfoFolderLayout.h */ = {isa = PBXFileReference; fileEncoding = 4; lastKnownFileType = sourcecode.c.h; path = RBCollectionViewInfoFolderLayout.h; sourceTree = "<group>"; };
		316925FC18EDF8A5005F235B /* RBCollectionViewInfoFolderLayout.m */ = {isa = PBXFileReference; fileEncoding = 4; lastKnownFileType = sourcecode.c.objc; path = RBCollectionViewInfoFolderLayout.m; sourceTree = "<group>"; };
/* End PBXFileReference section */

/* Begin PBXFrameworksBuildPhase section */
		316925BB18EDF6AE005F235B /* Frameworks */ = {
			isa = PBXFrameworksBuildPhase;
			buildActionMask = 2147483647;
			files = (
				316925C418EDF6AE005F235B /* CoreGraphics.framework in Frameworks */,
				316925C618EDF6AE005F235B /* UIKit.framework in Frameworks */,
				316925C218EDF6AE005F235B /* Foundation.framework in Frameworks */,
			);
			runOnlyForDeploymentPostprocessing = 0;
		};
		316925DF18EDF6AE005F235B /* Frameworks */ = {
			isa = PBXFrameworksBuildPhase;
			buildActionMask = 2147483647;
			files = (
				316925E418EDF6AE005F235B /* XCTest.framework in Frameworks */,
				316925E618EDF6AE005F235B /* UIKit.framework in Frameworks */,
				316925E518EDF6AE005F235B /* Foundation.framework in Frameworks */,
			);
			runOnlyForDeploymentPostprocessing = 0;
		};
/* End PBXFrameworksBuildPhase section */

/* Begin PBXGroup section */
		316925B518EDF6AE005F235B = {
			isa = PBXGroup;
			children = (
				316925FA18EDF885005F235B /* RBCollectionViewInfoFolderLayout */,
				316925C718EDF6AE005F235B /* Demo */,
				316925E918EDF6AE005F235B /* DemoTests */,
				316925C018EDF6AE005F235B /* Frameworks */,
				316925BF18EDF6AE005F235B /* Products */,
			);
			sourceTree = "<group>";
		};
		316925BF18EDF6AE005F235B /* Products */ = {
			isa = PBXGroup;
			children = (
				316925BE18EDF6AE005F235B /* RBCollectionViewInfoFolderLayout.app */,
				316925E218EDF6AE005F235B /* RBCollectionViewInfoFolderLayoutTests.xctest */,
			);
			name = Products;
			sourceTree = "<group>";
		};
		316925C018EDF6AE005F235B /* Frameworks */ = {
			isa = PBXGroup;
			children = (
				316925C118EDF6AE005F235B /* Foundation.framework */,
				316925C318EDF6AE005F235B /* CoreGraphics.framework */,
				316925C518EDF6AE005F235B /* UIKit.framework */,
				316925E318EDF6AE005F235B /* XCTest.framework */,
			);
			name = Frameworks;
			sourceTree = "<group>";
		};
		316925C718EDF6AE005F235B /* Demo */ = {
			isa = PBXGroup;
			children = (
				316925D018EDF6AE005F235B /* AppDelegate.h */,
				316925D118EDF6AE005F235B /* AppDelegate.m */,
				316925D618EDF6AE005F235B /* Application.storyboard */,
				316925D918EDF6AE005F235B /* ViewController.h */,
				316925DA18EDF6AE005F235B /* ViewController.m */,
				316925DC18EDF6AE005F235B /* Images.xcassets */,
				316925C818EDF6AE005F235B /* Supporting Files */,
			);
			name = Demo;
			path = RBCollectionViewInfoFolderLayout;
			sourceTree = "<group>";
		};
		316925C818EDF6AE005F235B /* Supporting Files */ = {
			isa = PBXGroup;
			children = (
				316925C918EDF6AE005F235B /* RBCollectionViewInfoFolderLayout-Info.plist */,
				316925CA18EDF6AE005F235B /* InfoPlist.strings */,
				316925CD18EDF6AE005F235B /* main.m */,
				316925CF18EDF6AE005F235B /* RBCollectionViewInfoFolderLayout-Prefix.pch */,
			);
			name = "Supporting Files";
			sourceTree = "<group>";
		};
		316925E918EDF6AE005F235B /* DemoTests */ = {
			isa = PBXGroup;
			children = (
				316925EF18EDF6AE005F235B /* RBCollectionViewInfoFolderLayoutTests.m */,
				316925EA18EDF6AE005F235B /* Supporting Files */,
			);
			name = DemoTests;
			path = RBCollectionViewInfoFolderLayoutTests;
			sourceTree = "<group>";
		};
		316925EA18EDF6AE005F235B /* Supporting Files */ = {
			isa = PBXGroup;
			children = (
				316925EB18EDF6AE005F235B /* RBCollectionViewInfoFolderLayoutTests-Info.plist */,
				316925EC18EDF6AE005F235B /* InfoPlist.strings */,
			);
			name = "Supporting Files";
			sourceTree = "<group>";
		};
		316925FA18EDF885005F235B /* RBCollectionViewInfoFolderLayout */ = {
			isa = PBXGroup;
			children = (
				316925FB18EDF8A5005F235B /* RBCollectionViewInfoFolderLayout.h */,
				316925FC18EDF8A5005F235B /* RBCollectionViewInfoFolderLayout.m */,
			);
			name = RBCollectionViewInfoFolderLayout;
			path = ../RBCollectionViewInfoFolderLayout;
			sourceTree = "<group>";
		};
/* End PBXGroup section */

/* Begin PBXNativeTarget section */
		316925BD18EDF6AE005F235B /* RBCollectionViewInfoFolderLayout */ = {
			isa = PBXNativeTarget;
			buildConfigurationList = 316925F318EDF6AE005F235B /* Build configuration list for PBXNativeTarget "RBCollectionViewInfoFolderLayout" */;
			buildPhases = (
				316925BA18EDF6AE005F235B /* Sources */,
				316925BB18EDF6AE005F235B /* Frameworks */,
				316925BC18EDF6AE005F235B /* Resources */,
			);
			buildRules = (
			);
			dependencies = (
			);
			name = RBCollectionViewInfoFolderLayout;
			productName = RBCollectionViewInfoFolderLayout;
			productReference = 316925BE18EDF6AE005F235B /* RBCollectionViewInfoFolderLayout.app */;
			productType = "com.apple.product-type.application";
		};
		316925E118EDF6AE005F235B /* RBCollectionViewInfoFolderLayoutTests */ = {
			isa = PBXNativeTarget;
			buildConfigurationList = 316925F618EDF6AE005F235B /* Build configuration list for PBXNativeTarget "RBCollectionViewInfoFolderLayoutTests" */;
			buildPhases = (
				316925DE18EDF6AE005F235B /* Sources */,
				316925DF18EDF6AE005F235B /* Frameworks */,
				316925E018EDF6AE005F235B /* Resources */,
			);
			buildRules = (
			);
			dependencies = (
				316925E818EDF6AE005F235B /* PBXTargetDependency */,
			);
			name = RBCollectionViewInfoFolderLayoutTests;
			productName = RBCollectionViewInfoFolderLayoutTests;
			productReference = 316925E218EDF6AE005F235B /* RBCollectionViewInfoFolderLayoutTests.xctest */;
			productType = "com.apple.product-type.bundle.unit-test";
		};
/* End PBXNativeTarget section */

/* Begin PBXProject section */
		316925B618EDF6AE005F235B /* Project object */ = {
			isa = PBXProject;
			attributes = {
				LastUpgradeCheck = 0510;
				TargetAttributes = {
					316925E118EDF6AE005F235B = {
						TestTargetID = 316925BD18EDF6AE005F235B;
					};
				};
			};
			buildConfigurationList = 316925B918EDF6AE005F235B /* Build configuration list for PBXProject "RBCollectionViewInfoFolderLayout" */;
			compatibilityVersion = "Xcode 3.2";
			developmentRegion = English;
			hasScannedForEncodings = 0;
			knownRegions = (
				en,
				Base,
			);
			mainGroup = 316925B518EDF6AE005F235B;
			productRefGroup = 316925BF18EDF6AE005F235B /* Products */;
			projectDirPath = "";
			projectRoot = "";
			targets = (
				316925BD18EDF6AE005F235B /* RBCollectionViewInfoFolderLayout */,
				316925E118EDF6AE005F235B /* RBCollectionViewInfoFolderLayoutTests */,
			);
		};
/* End PBXProject section */

/* Begin PBXResourcesBuildPhase section */
		316925BC18EDF6AE005F235B /* Resources */ = {
			isa = PBXResourcesBuildPhase;
			buildActionMask = 2147483647;
			files = (
				316925D818EDF6AE005F235B /* Application.storyboard in Resources */,
				316925DD18EDF6AE005F235B /* Images.xcassets in Resources */,
				316925CC18EDF6AE005F235B /* InfoPlist.strings in Resources */,
			);
			runOnlyForDeploymentPostprocessing = 0;
		};
		316925E018EDF6AE005F235B /* Resources */ = {
			isa = PBXResourcesBuildPhase;
			buildActionMask = 2147483647;
			files = (
				316925EE18EDF6AE005F235B /* InfoPlist.strings in Resources */,
			);
			runOnlyForDeploymentPostprocessing = 0;
		};
/* End PBXResourcesBuildPhase section */

/* Begin PBXSourcesBuildPhase section */
		316925BA18EDF6AE005F235B /* Sources */ = {
			isa = PBXSourcesBuildPhase;
			buildActionMask = 2147483647;
			files = (
				316925DB18EDF6AE005F235B /* ViewController.m in Sources */,
				316925D218EDF6AE005F235B /* AppDelegate.m in Sources */,
				316925FD18EDF8A5005F235B /* RBCollectionViewInfoFolderLayout.m in Sources */,
				316925CE18EDF6AE005F235B /* main.m in Sources */,
			);
			runOnlyForDeploymentPostprocessing = 0;
		};
		316925DE18EDF6AE005F235B /* Sources */ = {
			isa = PBXSourcesBuildPhase;
			buildActionMask = 2147483647;
			files = (
				316925F018EDF6AE005F235B /* RBCollectionViewInfoFolderLayoutTests.m in Sources */,
			);
			runOnlyForDeploymentPostprocessing = 0;
		};
/* End PBXSourcesBuildPhase section */

/* Begin PBXTargetDependency section */
		316925E818EDF6AE005F235B /* PBXTargetDependency */ = {
			isa = PBXTargetDependency;
			target = 316925BD18EDF6AE005F235B /* RBCollectionViewInfoFolderLayout */;
			targetProxy = 316925E718EDF6AE005F235B /* PBXContainerItemProxy */;
		};
/* End PBXTargetDependency section */

/* Begin PBXVariantGroup section */
		316925CA18EDF6AE005F235B /* InfoPlist.strings */ = {
			isa = PBXVariantGroup;
			children = (
				316925CB18EDF6AE005F235B /* en */,
			);
			name = InfoPlist.strings;
			sourceTree = "<group>";
		};
		316925D618EDF6AE005F235B /* Application.storyboard */ = {
			isa = PBXVariantGroup;
			children = (
				316925D718EDF6AE005F235B /* Base */,
			);
			name = Application.storyboard;
			sourceTree = "<group>";
		};
		316925EC18EDF6AE005F235B /* InfoPlist.strings */ = {
			isa = PBXVariantGroup;
			children = (
				316925ED18EDF6AE005F235B /* en */,
			);
			name = InfoPlist.strings;
			sourceTree = "<group>";
		};
/* End PBXVariantGroup section */

/* Begin XCBuildConfiguration section */
		316925F118EDF6AE005F235B /* Debug */ = {
			isa = XCBuildConfiguration;
			buildSettings = {
				ALWAYS_SEARCH_USER_PATHS = NO;
				CLANG_CXX_LANGUAGE_STANDARD = "gnu++0x";
				CLANG_CXX_LIBRARY = "libc++";
				CLANG_ENABLE_MODULES = YES;
				CLANG_ENABLE_OBJC_ARC = YES;
				CLANG_WARN_BOOL_CONVERSION = YES;
				CLANG_WARN_CONSTANT_CONVERSION = YES;
				CLANG_WARN_DIRECT_OBJC_ISA_USAGE = YES_ERROR;
				CLANG_WARN_EMPTY_BODY = YES;
				CLANG_WARN_ENUM_CONVERSION = YES;
				CLANG_WARN_INT_CONVERSION = YES;
				CLANG_WARN_OBJC_ROOT_CLASS = YES_ERROR;
				CLANG_WARN__DUPLICATE_METHOD_MATCH = YES;
				"CODE_SIGN_IDENTITY[sdk=iphoneos*]" = "iPhone Developer";
				COPY_PHASE_STRIP = NO;
				GCC_C_LANGUAGE_STANDARD = gnu99;
				GCC_DYNAMIC_NO_PIC = NO;
				GCC_OPTIMIZATION_LEVEL = 0;
				GCC_PREPROCESSOR_DEFINITIONS = (
					"DEBUG=1",
					"$(inherited)",
				);
				GCC_SYMBOLS_PRIVATE_EXTERN = NO;
				GCC_WARN_64_TO_32_BIT_CONVERSION = YES;
				GCC_WARN_ABOUT_RETURN_TYPE = YES_ERROR;
				GCC_WARN_UNDECLARED_SELECTOR = YES;
				GCC_WARN_UNINITIALIZED_AUTOS = YES_AGGRESSIVE;
				GCC_WARN_UNUSED_FUNCTION = YES;
				GCC_WARN_UNUSED_VARIABLE = YES;
				IPHONEOS_DEPLOYMENT_TARGET = 7.1;
				ONLY_ACTIVE_ARCH = YES;
				SDKROOT = iphoneos;
				TARGETED_DEVICE_FAMILY = "1,2";
			};
			name = Debug;
		};
		316925F218EDF6AE005F235B /* Release */ = {
			isa = XCBuildConfiguration;
			buildSettings = {
				ALWAYS_SEARCH_USER_PATHS = NO;
				CLANG_CXX_LANGUAGE_STANDARD = "gnu++0x";
				CLANG_CXX_LIBRARY = "libc++";
				CLANG_ENABLE_MODULES = YES;
				CLANG_ENABLE_OBJC_ARC = YES;
				CLANG_WARN_BOOL_CONVERSION = YES;
				CLANG_WARN_CONSTANT_CONVERSION = YES;
				CLANG_WARN_DIRECT_OBJC_ISA_USAGE = YES_ERROR;
				CLANG_WARN_EMPTY_BODY = YES;
				CLANG_WARN_ENUM_CONVERSION = YES;
				CLANG_WARN_INT_CONVERSION = YES;
				CLANG_WARN_OBJC_ROOT_CLASS = YES_ERROR;
				CLANG_WARN__DUPLICATE_METHOD_MATCH = YES;
				"CODE_SIGN_IDENTITY[sdk=iphoneos*]" = "iPhone Developer";
				COPY_PHASE_STRIP = YES;
				ENABLE_NS_ASSERTIONS = NO;
				GCC_C_LANGUAGE_STANDARD = gnu99;
				GCC_WARN_64_TO_32_BIT_CONVERSION = YES;
				GCC_WARN_ABOUT_RETURN_TYPE = YES_ERROR;
				GCC_WARN_UNDECLARED_SELECTOR = YES;
				GCC_WARN_UNINITIALIZED_AUTOS = YES_AGGRESSIVE;
				GCC_WARN_UNUSED_FUNCTION = YES;
				GCC_WARN_UNUSED_VARIABLE = YES;
				IPHONEOS_DEPLOYMENT_TARGET = 7.1;
				SDKROOT = iphoneos;
				TARGETED_DEVICE_FAMILY = "1,2";
				VALIDATE_PRODUCT = YES;
			};
			name = Release;
		};
		316925F418EDF6AE005F235B /* Debug */ = {
			isa = XCBuildConfiguration;
			buildSettings = {
				ASSETCATALOG_COMPILER_APPICON_NAME = AppIcon;
				ASSETCATALOG_COMPILER_LAUNCHIMAGE_NAME = LaunchImage;
				GCC_PRECOMPILE_PREFIX_HEADER = YES;
				GCC_PREFIX_HEADER = "RBCollectionViewInfoFolderLayout/RBCollectionViewInfoFolderLayout-Prefix.pch";
				INFOPLIST_FILE = "RBCollectionViewInfoFolderLayout/RBCollectionViewInfoFolderLayout-Info.plist";
				PRODUCT_NAME = "$(TARGET_NAME)";
				WRAPPER_EXTENSION = app;
			};
			name = Debug;
		};
		316925F518EDF6AE005F235B /* Release */ = {
			isa = XCBuildConfiguration;
			buildSettings = {
				ASSETCATALOG_COMPILER_APPICON_NAME = AppIcon;
				ASSETCATALOG_COMPILER_LAUNCHIMAGE_NAME = LaunchImage;
				GCC_PRECOMPILE_PREFIX_HEADER = YES;
				GCC_PREFIX_HEADER = "RBCollectionViewInfoFolderLayout/RBCollectionViewInfoFolderLayout-Prefix.pch";
				INFOPLIST_FILE = "RBCollectionViewInfoFolderLayout/RBCollectionViewInfoFolderLayout-Info.plist";
				PRODUCT_NAME = "$(TARGET_NAME)";
				WRAPPER_EXTENSION = app;
			};
			name = Release;
		};
		316925F718EDF6AE005F235B /* Debug */ = {
			isa = XCBuildConfiguration;
			buildSettings = {
				BUNDLE_LOADER = "$(BUILT_PRODUCTS_DIR)/RBCollectionViewInfoFolderLayout.app/RBCollectionViewInfoFolderLayout";
				FRAMEWORK_SEARCH_PATHS = (
					"$(SDKROOT)/Developer/Library/Frameworks",
					"$(inherited)",
					"$(DEVELOPER_FRAMEWORKS_DIR)",
				);
				GCC_PRECOMPILE_PREFIX_HEADER = YES;
				GCC_PREFIX_HEADER = "RBCollectionViewInfoFolderLayout/RBCollectionViewInfoFolderLayout-Prefix.pch";
				GCC_PREPROCESSOR_DEFINITIONS = (
					"DEBUG=1",
					"$(inherited)",
				);
				INFOPLIST_FILE = "RBCollectionViewInfoFolderLayoutTests/RBCollectionViewInfoFolderLayoutTests-Info.plist";
				PRODUCT_NAME = "$(TARGET_NAME)";
				TEST_HOST = "$(BUNDLE_LOADER)";
				WRAPPER_EXTENSION = xctest;
			};
			name = Debug;
		};
		316925F818EDF6AE005F235B /* Release */ = {
			isa = XCBuildConfiguration;
			buildSettings = {
				BUNDLE_LOADER = "$(BUILT_PRODUCTS_DIR)/RBCollectionViewInfoFolderLayout.app/RBCollectionViewInfoFolderLayout";
				FRAMEWORK_SEARCH_PATHS = (
					"$(SDKROOT)/Developer/Library/Frameworks",
					"$(inherited)",
					"$(DEVELOPER_FRAMEWORKS_DIR)",
				);
				GCC_PRECOMPILE_PREFIX_HEADER = YES;
				GCC_PREFIX_HEADER = "RBCollectionViewInfoFolderLayout/RBCollectionViewInfoFolderLayout-Prefix.pch";
				INFOPLIST_FILE = "RBCollectionViewInfoFolderLayoutTests/RBCollectionViewInfoFolderLayoutTests-Info.plist";
				PRODUCT_NAME = "$(TARGET_NAME)";
				TEST_HOST = "$(BUNDLE_LOADER)";
				WRAPPER_EXTENSION = xctest;
			};
			name = Release;
		};
/* End XCBuildConfiguration section */

/* Begin XCConfigurationList section */
		316925B918EDF6AE005F235B /* Build configuration list for PBXProject "RBCollectionViewInfoFolderLayout" */ = {
			isa = XCConfigurationList;
			buildConfigurations = (
				316925F118EDF6AE005F235B /* Debug */,
				316925F218EDF6AE005F235B /* Release */,
			);
			defaultConfigurationIsVisible = 0;
			defaultConfigurationName = Release;
		};
		316925F318EDF6AE005F235B /* Build configuration list for PBXNativeTarget "RBCollectionViewInfoFolderLayout" */ = {
			isa = XCConfigurationList;
			buildConfigurations = (
				316925F418EDF6AE005F235B /* Debug */,
				316925F518EDF6AE005F235B /* Release */,
			);
			defaultConfigurationIsVisible = 0;
			defaultConfigurationName = Release;
		};
		316925F618EDF6AE005F235B /* Build configuration list for PBXNativeTarget "RBCollectionViewInfoFolderLayoutTests" */ = {
			isa = XCConfigurationList;
			buildConfigurations = (
				316925F718EDF6AE005F235B /* Debug */,
				316925F818EDF6AE005F235B /* Release */,
			);
			defaultConfigurationIsVisible = 0;
			defaultConfigurationName = Release;
		};
/* End XCConfigurationList section */
	};
	rootObject = 316925B618EDF6AE005F235B /* Project object */;
}
